// !$*UTF8*$!
{
	archiveVersion = 1;
	classes = {
	};
	objectVersion = 55;
	objects = {

/* Begin PBXBuildFile section */
		0B16BB612858ECBD00B7C6B9 /* UserRowView.swift in Sources */ = {isa = PBXBuildFile; fileRef = 0B16BB602858ECBD00B7C6B9 /* UserRowView.swift */; };
		0B16BB672858F33900B7C6B9 /* SideMenuView.swift in Sources */ = {isa = PBXBuildFile; fileRef = 0B16BB662858F33900B7C6B9 /* SideMenuView.swift */; };
		0B16BB6B2858F36600B7C6B9 /* SideMenuViewModel.swift in Sources */ = {isa = PBXBuildFile; fileRef = 0B16BB6A2858F36600B7C6B9 /* SideMenuViewModel.swift */; };
		0B5BF85D28579F7E00203CC3 /* EagleApp.swift in Sources */ = {isa = PBXBuildFile; fileRef = 0B5BF85C28579F7E00203CC3 /* EagleApp.swift */; };
		0B5BF85F28579F7E00203CC3 /* ContentView.swift in Sources */ = {isa = PBXBuildFile; fileRef = 0B5BF85E28579F7E00203CC3 /* ContentView.swift */; };
		0B5BF86128579F8300203CC3 /* Assets.xcassets in Resources */ = {isa = PBXBuildFile; fileRef = 0B5BF86028579F8300203CC3 /* Assets.xcassets */; };
		0B5BF86428579F8300203CC3 /* Preview Assets.xcassets in Resources */ = {isa = PBXBuildFile; fileRef = 0B5BF86328579F8300203CC3 /* Preview Assets.xcassets */; };
		0B621B7B285F830C00DC7141 /* GoogleService-Info.plist in Resources */ = {isa = PBXBuildFile; fileRef = 0B621B7A285F830B00DC7141 /* GoogleService-Info.plist */; };
		0B621B7E285F868200DC7141 /* FirebaseAuth in Frameworks */ = {isa = PBXBuildFile; productRef = 0B621B7D285F868200DC7141 /* FirebaseAuth */; };
		0B621B80285F868200DC7141 /* FirebaseFirestore in Frameworks */ = {isa = PBXBuildFile; productRef = 0B621B7F285F868200DC7141 /* FirebaseFirestore */; };
		0B621B82285F868200DC7141 /* FirebaseFirestoreSwift in Frameworks */ = {isa = PBXBuildFile; productRef = 0B621B81285F868200DC7141 /* FirebaseFirestoreSwift */; };
		0B621B84285F868200DC7141 /* FirebaseStorage in Frameworks */ = {isa = PBXBuildFile; productRef = 0B621B83285F868200DC7141 /* FirebaseStorage */; };
		0B6F04C0285A4B6500D069F7 /* TextArea.swift in Sources */ = {isa = PBXBuildFile; fileRef = 0B6F04BF285A4B6500D069F7 /* TextArea.swift */; };
		0B6F04C5285A503C00D069F7 /* LoginView.swift in Sources */ = {isa = PBXBuildFile; fileRef = 0B6F04C4285A503C00D069F7 /* LoginView.swift */; };
		0B6F04C7285A504900D069F7 /* RegistrationView.swift in Sources */ = {isa = PBXBuildFile; fileRef = 0B6F04C6285A504900D069F7 /* RegistrationView.swift */; };
		0B6F04C9285A51F400D069F7 /* RoundedShape.swift in Sources */ = {isa = PBXBuildFile; fileRef = 0B6F04C8285A51F400D069F7 /* RoundedShape.swift */; };
		0B746526285A5AF700CCB4DC /* CustomInputField.swift in Sources */ = {isa = PBXBuildFile; fileRef = 0B746525285A5AF700CCB4DC /* CustomInputField.swift */; };
		0B8E83B42857B293008A0727 /* MainTabView.swift in Sources */ = {isa = PBXBuildFile; fileRef = 0B8E83B32857B293008A0727 /* MainTabView.swift */; };
		0B8E83BA2857B4BE008A0727 /* ExploreView.swift in Sources */ = {isa = PBXBuildFile; fileRef = 0B8E83B92857B4BE008A0727 /* ExploreView.swift */; };
		0B8E83BC2857B4D7008A0727 /* NotificationsView.swift in Sources */ = {isa = PBXBuildFile; fileRef = 0B8E83BB2857B4D7008A0727 /* NotificationsView.swift */; };
		0B8E83BF2857B4F1008A0727 /* MessagesView.swift in Sources */ = {isa = PBXBuildFile; fileRef = 0B8E83BE2857B4F1008A0727 /* MessagesView.swift */; };
		0B8E83C32857B72F008A0727 /* ProfileView.swift in Sources */ = {isa = PBXBuildFile; fileRef = 0B8E83C22857B72F008A0727 /* ProfileView.swift */; };
		0BACD6522863768A0068DD2E /* profileViewModel.swift in Sources */ = {isa = PBXBuildFile; fileRef = 0BACD6512863768A0068DD2E /* profileViewModel.swift */; };
		0BBF120C286219FC00514B89 /* ExploreViewModel.swift in Sources */ = {isa = PBXBuildFile; fileRef = 0BBF120B286219FB00514B89 /* ExploreViewModel.swift */; };
		0BBF120E28621FA400514B89 /* SearchBar.swift in Sources */ = {isa = PBXBuildFile; fileRef = 0BBF120D28621FA400514B89 /* SearchBar.swift */; };
		0BBF12102862256800514B89 /* TweetService.swift in Sources */ = {isa = PBXBuildFile; fileRef = 0BBF120F2862256800514B89 /* TweetService.swift */; };
		0BBF1212286227B400514B89 /* uploadTweetViewModel.swift in Sources */ = {isa = PBXBuildFile; fileRef = 0BBF1211286227B400514B89 /* uploadTweetViewModel.swift */; };
		0BBF121428622D8000514B89 /* FeedViewModel.swift in Sources */ = {isa = PBXBuildFile; fileRef = 0BBF121328622D8000514B89 /* FeedViewModel.swift */; };
		0BBF121628622F1D00514B89 /* Tweet.swift in Sources */ = {isa = PBXBuildFile; fileRef = 0BBF121528622F1C00514B89 /* Tweet.swift */; };
		0BCDBA432858E42A004DE56C /* TweetFilterVIewModel.swift in Sources */ = {isa = PBXBuildFile; fileRef = 0BCDBA422858E42A004DE56C /* TweetFilterVIewModel.swift */; };
		0BDA4DD3285F8C0600B9AB65 /* AuthViewModel.swift in Sources */ = {isa = PBXBuildFile; fileRef = 0BDA4DD2285F8C0600B9AB65 /* AuthViewModel.swift */; };
		0BE15F542860C38E002084C0 /* ProfilePhotoSelectorView.swift in Sources */ = {isa = PBXBuildFile; fileRef = 0BE15F532860C38E002084C0 /* ProfilePhotoSelectorView.swift */; };
		0BE15F572860C9FB002084C0 /* ImagePicker.swift in Sources */ = {isa = PBXBuildFile; fileRef = 0BE15F562860C9FB002084C0 /* ImagePicker.swift */; };
		0BE15F592860D3B2002084C0 /* ImageUpload.swift in Sources */ = {isa = PBXBuildFile; fileRef = 0BE15F582860D3B2002084C0 /* ImageUpload.swift */; };
		0BE15F5B2860E5B1002084C0 /* userService.swift in Sources */ = {isa = PBXBuildFile; fileRef = 0BE15F5A2860E5B0002084C0 /* userService.swift */; };
		0BE15F5D2860E8B9002084C0 /* User.swift in Sources */ = {isa = PBXBuildFile; fileRef = 0BE15F5C2860E8B9002084C0 /* User.swift */; };
		0BE15F602860EE36002084C0 /* Kingfisher in Frameworks */ = {isa = PBXBuildFile; productRef = 0BE15F5F2860EE36002084C0 /* Kingfisher */; };
		0BF331C52858F7B00036D3AC /* UserStatView.swift in Sources */ = {isa = PBXBuildFile; fileRef = 0BF331C42858F7B00036D3AC /* UserStatView.swift */; };
		0BF331C72858FF8F0036D3AC /* SideMenuOptionRowView.swift in Sources */ = {isa = PBXBuildFile; fileRef = 0BF331C62858FF8F0036D3AC /* SideMenuOptionRowView.swift */; };
		0BF331CE285907880036D3AC /* NewTweetView.swift in Sources */ = {isa = PBXBuildFile; fileRef = 0BF331CD285907880036D3AC /* NewTweetView.swift */; };
		0BFB6BA42857A295004A3E3B /* FeedView.swift in Sources */ = {isa = PBXBuildFile; fileRef = 0BFB6BA32857A295004A3E3B /* FeedView.swift */; };
		0BFB6BA82857A462004A3E3B /* TweetsRowView.swift in Sources */ = {isa = PBXBuildFile; fileRef = 0BFB6BA72857A462004A3E3B /* TweetsRowView.swift */; };
/* End PBXBuildFile section */

/* Begin PBXFileReference section */
		0B16BB602858ECBD00B7C6B9 /* UserRowView.swift */ = {isa = PBXFileReference; lastKnownFileType = sourcecode.swift; path = UserRowView.swift; sourceTree = "<group>"; };
		0B16BB662858F33900B7C6B9 /* SideMenuView.swift */ = {isa = PBXFileReference; lastKnownFileType = sourcecode.swift; path = SideMenuView.swift; sourceTree = "<group>"; };
		0B16BB6A2858F36600B7C6B9 /* SideMenuViewModel.swift */ = {isa = PBXFileReference; lastKnownFileType = sourcecode.swift; path = SideMenuViewModel.swift; sourceTree = "<group>"; };
		0B5BF85928579F7E00203CC3 /* Eagle.app */ = {isa = PBXFileReference; explicitFileType = wrapper.application; includeInIndex = 0; path = Eagle.app; sourceTree = BUILT_PRODUCTS_DIR; };
		0B5BF85C28579F7E00203CC3 /* EagleApp.swift */ = {isa = PBXFileReference; lastKnownFileType = sourcecode.swift; path = EagleApp.swift; sourceTree = "<group>"; };
		0B5BF85E28579F7E00203CC3 /* ContentView.swift */ = {isa = PBXFileReference; lastKnownFileType = sourcecode.swift; path = ContentView.swift; sourceTree = "<group>"; };
		0B5BF86028579F8300203CC3 /* Assets.xcassets */ = {isa = PBXFileReference; lastKnownFileType = folder.assetcatalog; path = Assets.xcassets; sourceTree = "<group>"; };
		0B5BF86328579F8300203CC3 /* Preview Assets.xcassets */ = {isa = PBXFileReference; lastKnownFileType = folder.assetcatalog; path = "Preview Assets.xcassets"; sourceTree = "<group>"; };
		0B621B7A285F830B00DC7141 /* GoogleService-Info.plist */ = {isa = PBXFileReference; fileEncoding = 4; lastKnownFileType = text.plist.xml; path = "GoogleService-Info.plist"; sourceTree = "<group>"; };
		0B6F04BF285A4B6500D069F7 /* TextArea.swift */ = {isa = PBXFileReference; lastKnownFileType = sourcecode.swift; path = TextArea.swift; sourceTree = "<group>"; };
		0B6F04C4285A503C00D069F7 /* LoginView.swift */ = {isa = PBXFileReference; lastKnownFileType = sourcecode.swift; path = LoginView.swift; sourceTree = "<group>"; };
		0B6F04C6285A504900D069F7 /* RegistrationView.swift */ = {isa = PBXFileReference; lastKnownFileType = sourcecode.swift; path = RegistrationView.swift; sourceTree = "<group>"; };
		0B6F04C8285A51F400D069F7 /* RoundedShape.swift */ = {isa = PBXFileReference; lastKnownFileType = sourcecode.swift; path = RoundedShape.swift; sourceTree = "<group>"; };
		0B746525285A5AF700CCB4DC /* CustomInputField.swift */ = {isa = PBXFileReference; lastKnownFileType = sourcecode.swift; path = CustomInputField.swift; sourceTree = "<group>"; };
		0B8E83B32857B293008A0727 /* MainTabView.swift */ = {isa = PBXFileReference; lastKnownFileType = sourcecode.swift; path = MainTabView.swift; sourceTree = "<group>"; };
		0B8E83B92857B4BE008A0727 /* ExploreView.swift */ = {isa = PBXFileReference; lastKnownFileType = sourcecode.swift; path = ExploreView.swift; sourceTree = "<group>"; };
		0B8E83BB2857B4D7008A0727 /* NotificationsView.swift */ = {isa = PBXFileReference; lastKnownFileType = sourcecode.swift; path = NotificationsView.swift; sourceTree = "<group>"; };
		0B8E83BE2857B4F1008A0727 /* MessagesView.swift */ = {isa = PBXFileReference; lastKnownFileType = sourcecode.swift; path = MessagesView.swift; sourceTree = "<group>"; };
		0B8E83C22857B72F008A0727 /* ProfileView.swift */ = {isa = PBXFileReference; lastKnownFileType = sourcecode.swift; path = ProfileView.swift; sourceTree = "<group>"; };
		0BACD6512863768A0068DD2E /* profileViewModel.swift */ = {isa = PBXFileReference; lastKnownFileType = sourcecode.swift; path = profileViewModel.swift; sourceTree = "<group>"; };
		0BBF120B286219FB00514B89 /* ExploreViewModel.swift */ = {isa = PBXFileReference; lastKnownFileType = sourcecode.swift; path = ExploreViewModel.swift; sourceTree = "<group>"; };
		0BBF120D28621FA400514B89 /* SearchBar.swift */ = {isa = PBXFileReference; lastKnownFileType = sourcecode.swift; path = SearchBar.swift; sourceTree = "<group>"; };
		0BBF120F2862256800514B89 /* TweetService.swift */ = {isa = PBXFileReference; lastKnownFileType = sourcecode.swift; path = TweetService.swift; sourceTree = "<group>"; };
		0BBF1211286227B400514B89 /* uploadTweetViewModel.swift */ = {isa = PBXFileReference; lastKnownFileType = sourcecode.swift; path = uploadTweetViewModel.swift; sourceTree = "<group>"; };
		0BBF121328622D8000514B89 /* FeedViewModel.swift */ = {isa = PBXFileReference; lastKnownFileType = sourcecode.swift; path = FeedViewModel.swift; sourceTree = "<group>"; };
		0BBF121528622F1C00514B89 /* Tweet.swift */ = {isa = PBXFileReference; lastKnownFileType = sourcecode.swift; path = Tweet.swift; sourceTree = "<group>"; };
		0BCDBA422858E42A004DE56C /* TweetFilterVIewModel.swift */ = {isa = PBXFileReference; lastKnownFileType = sourcecode.swift; path = TweetFilterVIewModel.swift; sourceTree = "<group>"; };
		0BDA4DD2285F8C0600B9AB65 /* AuthViewModel.swift */ = {isa = PBXFileReference; lastKnownFileType = sourcecode.swift; path = AuthViewModel.swift; sourceTree = "<group>"; };
		0BE15F532860C38E002084C0 /* ProfilePhotoSelectorView.swift */ = {isa = PBXFileReference; lastKnownFileType = sourcecode.swift; path = ProfilePhotoSelectorView.swift; sourceTree = "<group>"; };
		0BE15F562860C9FB002084C0 /* ImagePicker.swift */ = {isa = PBXFileReference; lastKnownFileType = sourcecode.swift; path = ImagePicker.swift; sourceTree = "<group>"; };
		0BE15F582860D3B2002084C0 /* ImageUpload.swift */ = {isa = PBXFileReference; lastKnownFileType = sourcecode.swift; path = ImageUpload.swift; sourceTree = "<group>"; };
		0BE15F5A2860E5B0002084C0 /* userService.swift */ = {isa = PBXFileReference; lastKnownFileType = sourcecode.swift; path = userService.swift; sourceTree = "<group>"; };
		0BE15F5C2860E8B9002084C0 /* User.swift */ = {isa = PBXFileReference; lastKnownFileType = sourcecode.swift; path = User.swift; sourceTree = "<group>"; };
		0BF331C42858F7B00036D3AC /* UserStatView.swift */ = {isa = PBXFileReference; lastKnownFileType = sourcecode.swift; path = UserStatView.swift; sourceTree = "<group>"; };
		0BF331C62858FF8F0036D3AC /* SideMenuOptionRowView.swift */ = {isa = PBXFileReference; lastKnownFileType = sourcecode.swift; path = SideMenuOptionRowView.swift; sourceTree = "<group>"; };
		0BF331CD285907880036D3AC /* NewTweetView.swift */ = {isa = PBXFileReference; lastKnownFileType = sourcecode.swift; path = NewTweetView.swift; sourceTree = "<group>"; };
		0BFB6BA32857A295004A3E3B /* FeedView.swift */ = {isa = PBXFileReference; lastKnownFileType = sourcecode.swift; path = FeedView.swift; sourceTree = "<group>"; };
		0BFB6BA72857A462004A3E3B /* TweetsRowView.swift */ = {isa = PBXFileReference; lastKnownFileType = sourcecode.swift; path = TweetsRowView.swift; sourceTree = "<group>"; };
/* End PBXFileReference section */

/* Begin PBXFrameworksBuildPhase section */
		0B5BF85628579F7E00203CC3 /* Frameworks */ = {
			isa = PBXFrameworksBuildPhase;
			buildActionMask = 2147483647;
			files = (
				0B621B7E285F868200DC7141 /* FirebaseAuth in Frameworks */,
				0B621B84285F868200DC7141 /* FirebaseStorage in Frameworks */,
				0B621B80285F868200DC7141 /* FirebaseFirestore in Frameworks */,
				0B621B82285F868200DC7141 /* FirebaseFirestoreSwift in Frameworks */,
				0BE15F602860EE36002084C0 /* Kingfisher in Frameworks */,
			);
			runOnlyForDeploymentPostprocessing = 0;
		};
/* End PBXFrameworksBuildPhase section */

/* Begin PBXGroup section */
		0B16BB5A2858EB3F00B7C6B9 /* Views */ = {
			isa = PBXGroup;
			children = (
				0B8E83B92857B4BE008A0727 /* ExploreView.swift */,
			);
			path = Views;
			sourceTree = "<group>";
		};
		0B16BB5B2858EB4200B7C6B9 /* ViewModel */ = {
			isa = PBXGroup;
			children = (
				0BBF120B286219FB00514B89 /* ExploreViewModel.swift */,
			);
			path = ViewModel;
			sourceTree = "<group>";
		};
		0B16BB5D2858EC2E00B7C6B9 /* Users */ = {
			isa = PBXGroup;
			children = (
				0B16BB602858ECBD00B7C6B9 /* UserRowView.swift */,
				0BF331C42858F7B00036D3AC /* UserStatView.swift */,
			);
			path = Users;
			sourceTree = "<group>";
		};
		0B16BB632858F30300B7C6B9 /* Side View */ = {
			isa = PBXGroup;
			children = (
				0B16BB652858F30D00B7C6B9 /* View Model */,
				0B16BB642858F30B00B7C6B9 /* View */,
			);
			path = "Side View";
			sourceTree = "<group>";
		};
		0B16BB642858F30B00B7C6B9 /* View */ = {
			isa = PBXGroup;
			children = (
				0B16BB662858F33900B7C6B9 /* SideMenuView.swift */,
				0BF331C62858FF8F0036D3AC /* SideMenuOptionRowView.swift */,
			);
			path = View;
			sourceTree = "<group>";
		};
		0B16BB652858F30D00B7C6B9 /* View Model */ = {
			isa = PBXGroup;
			children = (
				0B16BB6A2858F36600B7C6B9 /* SideMenuViewModel.swift */,
			);
			path = "View Model";
			sourceTree = "<group>";
		};
		0B5BF85028579F7E00203CC3 = {
			isa = PBXGroup;
			children = (
				0B5BF85B28579F7E00203CC3 /* Eagle */,
				0B5BF85A28579F7E00203CC3 /* Products */,
			);
			sourceTree = "<group>";
		};
		0B5BF85A28579F7E00203CC3 /* Products */ = {
			isa = PBXGroup;
			children = (
				0B5BF85928579F7E00203CC3 /* Eagle.app */,
			);
			name = Products;
			sourceTree = "<group>";
		};
		0B5BF85B28579F7E00203CC3 /* Eagle */ = {
			isa = PBXGroup;
			children = (
				0BE15F552860C9E9002084C0 /* Utils */,
				0BFB6B9B2857A1D1004A3E3B /* Extension */,
				0BFB6B9A2857A1CE004A3E3B /* Model */,
				0BFB6B992857A1CB004A3E3B /* Service */,
				0BFB6B982857A1C8004A3E3B /* Core */,
				0B5BF85C28579F7E00203CC3 /* EagleApp.swift */,
				0B5BF85E28579F7E00203CC3 /* ContentView.swift */,
				0B5BF86028579F8300203CC3 /* Assets.xcassets */,
				0B621B7A285F830B00DC7141 /* GoogleService-Info.plist */,
				0B5BF86228579F8300203CC3 /* Preview Content */,
			);
			path = Eagle;
			sourceTree = "<group>";
		};
		0B5BF86228579F8300203CC3 /* Preview Content */ = {
			isa = PBXGroup;
			children = (
				0B5BF86328579F8300203CC3 /* Preview Assets.xcassets */,
			);
			path = "Preview Content";
			sourceTree = "<group>";
		};
		0B6F04C1285A500700D069F7 /* Authentication */ = {
			isa = PBXGroup;
			children = (
				0B6F04C3285A500F00D069F7 /* View Model */,
				0B6F04C2285A500D00D069F7 /* Views */,
			);
			path = Authentication;
			sourceTree = "<group>";
		};
		0B6F04C2285A500D00D069F7 /* Views */ = {
			isa = PBXGroup;
			children = (
				0BE15F532860C38E002084C0 /* ProfilePhotoSelectorView.swift */,
				0B6F04C4285A503C00D069F7 /* LoginView.swift */,
				0B6F04C6285A504900D069F7 /* RegistrationView.swift */,
			);
			path = Views;
			sourceTree = "<group>";
		};
		0B6F04C3285A500F00D069F7 /* View Model */ = {
			isa = PBXGroup;
			children = (
				0BDA4DD2285F8C0600B9AB65 /* AuthViewModel.swift */,
			);
			path = "View Model";
			sourceTree = "<group>";
		};
		0B8E83B12857B264008A0727 /* Main Tab */ = {
			isa = PBXGroup;
			children = (
				0B8E83B32857B293008A0727 /* MainTabView.swift */,
			);
			path = "Main Tab";
			sourceTree = "<group>";
		};
		0B8E83B52857B467008A0727 /* Messages */ = {
			isa = PBXGroup;
			children = (
				0B8E83BE2857B4F1008A0727 /* MessagesView.swift */,
			);
			path = Messages;
			sourceTree = "<group>";
		};
		0B8E83B62857B46A008A0727 /* Notifications */ = {
			isa = PBXGroup;
			children = (
				0B8E83BB2857B4D7008A0727 /* NotificationsView.swift */,
			);
			path = Notifications;
			sourceTree = "<group>";
		};
		0B8E83B72857B46C008A0727 /* Explore */ = {
			isa = PBXGroup;
			children = (
				0B16BB5B2858EB4200B7C6B9 /* ViewModel */,
				0B16BB5A2858EB3F00B7C6B9 /* Views */,
			);
			path = Explore;
			sourceTree = "<group>";
		};
		0B8E83B82857B499008A0727 /* Profile */ = {
			isa = PBXGroup;
			children = (
				0B8E83C12857B6F6008A0727 /* View Models */,
				0B8E83C02857B6F3008A0727 /* Views */,
			);
			path = Profile;
			sourceTree = "<group>";
		};
		0B8E83C02857B6F3008A0727 /* Views */ = {
			isa = PBXGroup;
			children = (
				0B8E83C22857B72F008A0727 /* ProfileView.swift */,
			);
			path = Views;
			sourceTree = "<group>";
		};
		0B8E83C12857B6F6008A0727 /* View Models */ = {
			isa = PBXGroup;
			children = (
				0BCDBA422858E42A004DE56C /* TweetFilterVIewModel.swift */,
				0BACD6512863768A0068DD2E /* profileViewModel.swift */,
			);
			path = "View Models";
			sourceTree = "<group>";
		};
		0BE15F552860C9E9002084C0 /* Utils */ = {
			isa = PBXGroup;
			children = (
				0BE15F562860C9FB002084C0 /* ImagePicker.swift */,
			);
			path = Utils;
			sourceTree = "<group>";
		};
		0BF331C82859073A0036D3AC /* Upload Tweet */ = {
			isa = PBXGroup;
			children = (
				0BF331CA285907410036D3AC /* View Models */,
				0BF331C92859073F0036D3AC /* Views */,
			);
			path = "Upload Tweet";
			sourceTree = "<group>";
		};
		0BF331C92859073F0036D3AC /* Views */ = {
			isa = PBXGroup;
			children = (
				0BF331CD285907880036D3AC /* NewTweetView.swift */,
			);
			path = Views;
			sourceTree = "<group>";
		};
		0BF331CA285907410036D3AC /* View Models */ = {
			isa = PBXGroup;
			children = (
				0BBF1211286227B400514B89 /* uploadTweetViewModel.swift */,
			);
			path = "View Models";
			sourceTree = "<group>";
		};
		0BFB6B982857A1C8004A3E3B /* Core */ = {
			isa = PBXGroup;
			children = (
				0BFB6B9D2857A1F0004A3E3B /* Components */,
				0B6F04C1285A500700D069F7 /* Authentication */,
				0BF331C82859073A0036D3AC /* Upload Tweet */,
				0B16BB632858F30300B7C6B9 /* Side View */,
				0B8E83B82857B499008A0727 /* Profile */,
				0B8E83B72857B46C008A0727 /* Explore */,
				0B8E83B62857B46A008A0727 /* Notifications */,
				0B8E83B52857B467008A0727 /* Messages */,
				0B8E83B12857B264008A0727 /* Main Tab */,
				0BFB6B9C2857A1ED004A3E3B /* Feed */,
			);
			path = Core;
			sourceTree = "<group>";
		};
		0BFB6B992857A1CB004A3E3B /* Service */ = {
			isa = PBXGroup;
			children = (
				0BE15F582860D3B2002084C0 /* ImageUpload.swift */,
				0BE15F5A2860E5B0002084C0 /* userService.swift */,
				0BBF120F2862256800514B89 /* TweetService.swift */,
			);
			path = Service;
			sourceTree = "<group>";
		};
		0BFB6B9A2857A1CE004A3E3B /* Model */ = {
			isa = PBXGroup;
			children = (
				0BE15F5C2860E8B9002084C0 /* User.swift */,
				0BBF121528622F1C00514B89 /* Tweet.swift */,
			);
			path = Model;
			sourceTree = "<group>";
		};
		0BFB6B9B2857A1D1004A3E3B /* Extension */ = {
			isa = PBXGroup;
			children = (
			);
			path = Extension;
			sourceTree = "<group>";
		};
		0BFB6B9C2857A1ED004A3E3B /* Feed */ = {
			isa = PBXGroup;
			children = (
				0BFB6B9E2857A230004A3E3B /* View Models */,
				0BFB6B9F2857A247004A3E3B /* View */,
			);
			path = Feed;
			sourceTree = "<group>";
		};
		0BFB6B9D2857A1F0004A3E3B /* Components */ = {
			isa = PBXGroup;
			children = (
				0B16BB5D2858EC2E00B7C6B9 /* Users */,
				0BFB6BA62857A443004A3E3B /* Tweets */,
				0B6F04BF285A4B6500D069F7 /* TextArea.swift */,
				0B6F04C8285A51F400D069F7 /* RoundedShape.swift */,
				0B746525285A5AF700CCB4DC /* CustomInputField.swift */,
				0BBF120D28621FA400514B89 /* SearchBar.swift */,
			);
			path = Components;
			sourceTree = "<group>";
		};
		0BFB6B9E2857A230004A3E3B /* View Models */ = {
			isa = PBXGroup;
			children = (
				0BBF121328622D8000514B89 /* FeedViewModel.swift */,
			);
			path = "View Models";
			sourceTree = "<group>";
		};
		0BFB6B9F2857A247004A3E3B /* View */ = {
			isa = PBXGroup;
			children = (
				0BFB6BA32857A295004A3E3B /* FeedView.swift */,
			);
			path = View;
			sourceTree = "<group>";
		};
		0BFB6BA62857A443004A3E3B /* Tweets */ = {
			isa = PBXGroup;
			children = (
				0BFB6BA72857A462004A3E3B /* TweetsRowView.swift */,
			);
			path = Tweets;
			sourceTree = "<group>";
		};
/* End PBXGroup section */

/* Begin PBXNativeTarget section */
		0B5BF85828579F7E00203CC3 /* Eagle */ = {
			isa = PBXNativeTarget;
			buildConfigurationList = 0B5BF86728579F8300203CC3 /* Build configuration list for PBXNativeTarget "Eagle" */;
			buildPhases = (
				0B5BF85528579F7E00203CC3 /* Sources */,
				0B5BF85628579F7E00203CC3 /* Frameworks */,
				0B5BF85728579F7E00203CC3 /* Resources */,
			);
			buildRules = (
			);
			dependencies = (
			);
			name = Eagle;
			packageProductDependencies = (
				0B621B7D285F868200DC7141 /* FirebaseAuth */,
				0B621B7F285F868200DC7141 /* FirebaseFirestore */,
				0B621B81285F868200DC7141 /* FirebaseFirestoreSwift */,
				0B621B83285F868200DC7141 /* FirebaseStorage */,
				0BE15F5F2860EE36002084C0 /* Kingfisher */,
			);
			productName = Eagle;
			productReference = 0B5BF85928579F7E00203CC3 /* Eagle.app */;
			productType = "com.apple.product-type.application";
		};
/* End PBXNativeTarget section */

/* Begin PBXProject section */
		0B5BF85128579F7E00203CC3 /* Project object */ = {
			isa = PBXProject;
			attributes = {
				BuildIndependentTargetsInParallel = 1;
				LastSwiftUpdateCheck = 1330;
				LastUpgradeCheck = 1330;
				TargetAttributes = {
					0B5BF85828579F7E00203CC3 = {
						CreatedOnToolsVersion = 13.3.1;
					};
				};
			};
			buildConfigurationList = 0B5BF85428579F7E00203CC3 /* Build configuration list for PBXProject "Eagle" */;
			compatibilityVersion = "Xcode 13.0";
			developmentRegion = en;
			hasScannedForEncodings = 0;
			knownRegions = (
				en,
				Base,
			);
			mainGroup = 0B5BF85028579F7E00203CC3;
			packageReferences = (
				0B621B7C285F868200DC7141 /* XCRemoteSwiftPackageReference "firebase-ios-sdk" */,
				0BE15F5E2860EE36002084C0 /* XCRemoteSwiftPackageReference "Kingfisher" */,
			);
			productRefGroup = 0B5BF85A28579F7E00203CC3 /* Products */;
			projectDirPath = "";
			projectRoot = "";
			targets = (
				0B5BF85828579F7E00203CC3 /* Eagle */,
			);
		};
/* End PBXProject section */

/* Begin PBXResourcesBuildPhase section */
		0B5BF85728579F7E00203CC3 /* Resources */ = {
			isa = PBXResourcesBuildPhase;
			buildActionMask = 2147483647;
			files = (
				0B5BF86428579F8300203CC3 /* Preview Assets.xcassets in Resources */,
				0B5BF86128579F8300203CC3 /* Assets.xcassets in Resources */,
				0B621B7B285F830C00DC7141 /* GoogleService-Info.plist in Resources */,
			);
			runOnlyForDeploymentPostprocessing = 0;
		};
/* End PBXResourcesBuildPhase section */

/* Begin PBXSourcesBuildPhase section */
		0B5BF85528579F7E00203CC3 /* Sources */ = {
			isa = PBXSourcesBuildPhase;
			buildActionMask = 2147483647;
			files = (
				0BE15F5B2860E5B1002084C0 /* userService.swift in Sources */,
				0B8E83BF2857B4F1008A0727 /* MessagesView.swift in Sources */,
				0B8E83C32857B72F008A0727 /* ProfileView.swift in Sources */,
				0B5BF85F28579F7E00203CC3 /* ContentView.swift in Sources */,
				0BFB6BA82857A462004A3E3B /* TweetsRowView.swift in Sources */,
				0BE15F5D2860E8B9002084C0 /* User.swift in Sources */,
				0B746526285A5AF700CCB4DC /* CustomInputField.swift in Sources */,
				0BFB6BA42857A295004A3E3B /* FeedView.swift in Sources */,
				0B5BF85D28579F7E00203CC3 /* EagleApp.swift in Sources */,
				0BE15F592860D3B2002084C0 /* ImageUpload.swift in Sources */,
				0B16BB672858F33900B7C6B9 /* SideMenuView.swift in Sources */,
				0BBF1212286227B400514B89 /* uploadTweetViewModel.swift in Sources */,
				0BE15F542860C38E002084C0 /* ProfilePhotoSelectorView.swift in Sources */,
				0BF331C52858F7B00036D3AC /* UserStatView.swift in Sources */,
				0BBF121428622D8000514B89 /* FeedViewModel.swift in Sources */,
				0B8E83BA2857B4BE008A0727 /* ExploreView.swift in Sources */,
				0B8E83B42857B293008A0727 /* MainTabView.swift in Sources */,
				0B6F04C0285A4B6500D069F7 /* TextArea.swift in Sources */,
				0B16BB6B2858F36600B7C6B9 /* SideMenuViewModel.swift in Sources */,
				0B6F04C5285A503C00D069F7 /* LoginView.swift in Sources */,
				0BBF120E28621FA400514B89 /* SearchBar.swift in Sources */,
				0BBF121628622F1D00514B89 /* Tweet.swift in Sources */,
				0B6F04C7285A504900D069F7 /* RegistrationView.swift in Sources */,
				0BF331CE285907880036D3AC /* NewTweetView.swift in Sources */,
				0BACD6522863768A0068DD2E /* profileViewModel.swift in Sources */,
				0BBF120C286219FC00514B89 /* ExploreViewModel.swift in Sources */,
				0B6F04C9285A51F400D069F7 /* RoundedShape.swift in Sources */,
				0BF331C72858FF8F0036D3AC /* SideMenuOptionRowView.swift in Sources */,
				0BDA4DD3285F8C0600B9AB65 /* AuthViewModel.swift in Sources */,
				0B16BB612858ECBD00B7C6B9 /* UserRowView.swift in Sources */,
				0BE15F572860C9FB002084C0 /* ImagePicker.swift in Sources */,
				0BCDBA432858E42A004DE56C /* TweetFilterVIewModel.swift in Sources */,
				0B8E83BC2857B4D7008A0727 /* NotificationsView.swift in Sources */,
				0BBF12102862256800514B89 /* TweetService.swift in Sources */,
			);
			runOnlyForDeploymentPostprocessing = 0;
		};
/* End PBXSourcesBuildPhase section */

/* Begin XCBuildConfiguration section */
		0B5BF86528579F8300203CC3 /* Debug */ = {
			isa = XCBuildConfiguration;
			buildSettings = {
				ALWAYS_SEARCH_USER_PATHS = NO;
				CLANG_ANALYZER_NONNULL = YES;
				CLANG_ANALYZER_NUMBER_OBJECT_CONVERSION = YES_AGGRESSIVE;
				CLANG_CXX_LANGUAGE_STANDARD = "gnu++17";
				CLANG_ENABLE_MODULES = YES;
				CLANG_ENABLE_OBJC_ARC = YES;
				CLANG_ENABLE_OBJC_WEAK = YES;
				CLANG_WARN_BLOCK_CAPTURE_AUTORELEASING = YES;
				CLANG_WARN_BOOL_CONVERSION = YES;
				CLANG_WARN_COMMA = YES;
				CLANG_WARN_CONSTANT_CONVERSION = YES;
				CLANG_WARN_DEPRECATED_OBJC_IMPLEMENTATIONS = YES;
				CLANG_WARN_DIRECT_OBJC_ISA_USAGE = YES_ERROR;
				CLANG_WARN_DOCUMENTATION_COMMENTS = YES;
				CLANG_WARN_EMPTY_BODY = YES;
				CLANG_WARN_ENUM_CONVERSION = YES;
				CLANG_WARN_INFINITE_RECURSION = YES;
				CLANG_WARN_INT_CONVERSION = YES;
				CLANG_WARN_NON_LITERAL_NULL_CONVERSION = YES;
				CLANG_WARN_OBJC_IMPLICIT_RETAIN_SELF = YES;
				CLANG_WARN_OBJC_LITERAL_CONVERSION = YES;
				CLANG_WARN_OBJC_ROOT_CLASS = YES_ERROR;
				CLANG_WARN_QUOTED_INCLUDE_IN_FRAMEWORK_HEADER = YES;
				CLANG_WARN_RANGE_LOOP_ANALYSIS = YES;
				CLANG_WARN_STRICT_PROTOTYPES = YES;
				CLANG_WARN_SUSPICIOUS_MOVE = YES;
				CLANG_WARN_UNGUARDED_AVAILABILITY = YES_AGGRESSIVE;
				CLANG_WARN_UNREACHABLE_CODE = YES;
				CLANG_WARN__DUPLICATE_METHOD_MATCH = YES;
				COPY_PHASE_STRIP = NO;
				DEBUG_INFORMATION_FORMAT = dwarf;
				ENABLE_STRICT_OBJC_MSGSEND = YES;
				ENABLE_TESTABILITY = YES;
				GCC_C_LANGUAGE_STANDARD = gnu11;
				GCC_DYNAMIC_NO_PIC = NO;
				GCC_NO_COMMON_BLOCKS = YES;
				GCC_OPTIMIZATION_LEVEL = 0;
				GCC_PREPROCESSOR_DEFINITIONS = (
					"DEBUG=1",
					"$(inherited)",
				);
				GCC_WARN_64_TO_32_BIT_CONVERSION = YES;
				GCC_WARN_ABOUT_RETURN_TYPE = YES_ERROR;
				GCC_WARN_UNDECLARED_SELECTOR = YES;
				GCC_WARN_UNINITIALIZED_AUTOS = YES_AGGRESSIVE;
				GCC_WARN_UNUSED_FUNCTION = YES;
				GCC_WARN_UNUSED_VARIABLE = YES;
				IPHONEOS_DEPLOYMENT_TARGET = 15.4;
				MTL_ENABLE_DEBUG_INFO = INCLUDE_SOURCE;
				MTL_FAST_MATH = YES;
				ONLY_ACTIVE_ARCH = YES;
				SDKROOT = iphoneos;
				SWIFT_ACTIVE_COMPILATION_CONDITIONS = DEBUG;
				SWIFT_OPTIMIZATION_LEVEL = "-Onone";
			};
			name = Debug;
		};
		0B5BF86628579F8300203CC3 /* Release */ = {
			isa = XCBuildConfiguration;
			buildSettings = {
				ALWAYS_SEARCH_USER_PATHS = NO;
				CLANG_ANALYZER_NONNULL = YES;
				CLANG_ANALYZER_NUMBER_OBJECT_CONVERSION = YES_AGGRESSIVE;
				CLANG_CXX_LANGUAGE_STANDARD = "gnu++17";
				CLANG_ENABLE_MODULES = YES;
				CLANG_ENABLE_OBJC_ARC = YES;
				CLANG_ENABLE_OBJC_WEAK = YES;
				CLANG_WARN_BLOCK_CAPTURE_AUTORELEASING = YES;
				CLANG_WARN_BOOL_CONVERSION = YES;
				CLANG_WARN_COMMA = YES;
				CLANG_WARN_CONSTANT_CONVERSION = YES;
				CLANG_WARN_DEPRECATED_OBJC_IMPLEMENTATIONS = YES;
				CLANG_WARN_DIRECT_OBJC_ISA_USAGE = YES_ERROR;
				CLANG_WARN_DOCUMENTATION_COMMENTS = YES;
				CLANG_WARN_EMPTY_BODY = YES;
				CLANG_WARN_ENUM_CONVERSION = YES;
				CLANG_WARN_INFINITE_RECURSION = YES;
				CLANG_WARN_INT_CONVERSION = YES;
				CLANG_WARN_NON_LITERAL_NULL_CONVERSION = YES;
				CLANG_WARN_OBJC_IMPLICIT_RETAIN_SELF = YES;
				CLANG_WARN_OBJC_LITERAL_CONVERSION = YES;
				CLANG_WARN_OBJC_ROOT_CLASS = YES_ERROR;
				CLANG_WARN_QUOTED_INCLUDE_IN_FRAMEWORK_HEADER = YES;
				CLANG_WARN_RANGE_LOOP_ANALYSIS = YES;
				CLANG_WARN_STRICT_PROTOTYPES = YES;
				CLANG_WARN_SUSPICIOUS_MOVE = YES;
				CLANG_WARN_UNGUARDED_AVAILABILITY = YES_AGGRESSIVE;
				CLANG_WARN_UNREACHABLE_CODE = YES;
				CLANG_WARN__DUPLICATE_METHOD_MATCH = YES;
				COPY_PHASE_STRIP = NO;
				DEBUG_INFORMATION_FORMAT = "dwarf-with-dsym";
				ENABLE_NS_ASSERTIONS = NO;
				ENABLE_STRICT_OBJC_MSGSEND = YES;
				GCC_C_LANGUAGE_STANDARD = gnu11;
				GCC_NO_COMMON_BLOCKS = YES;
				GCC_WARN_64_TO_32_BIT_CONVERSION = YES;
				GCC_WARN_ABOUT_RETURN_TYPE = YES_ERROR;
				GCC_WARN_UNDECLARED_SELECTOR = YES;
				GCC_WARN_UNINITIALIZED_AUTOS = YES_AGGRESSIVE;
				GCC_WARN_UNUSED_FUNCTION = YES;
				GCC_WARN_UNUSED_VARIABLE = YES;
				IPHONEOS_DEPLOYMENT_TARGET = 15.4;
				MTL_ENABLE_DEBUG_INFO = NO;
				MTL_FAST_MATH = YES;
				SDKROOT = iphoneos;
				SWIFT_COMPILATION_MODE = wholemodule;
				SWIFT_OPTIMIZATION_LEVEL = "-O";
				VALIDATE_PRODUCT = YES;
			};
			name = Release;
		};
		0B5BF86828579F8300203CC3 /* Debug */ = {
			isa = XCBuildConfiguration;
			buildSettings = {
				ASSETCATALOG_COMPILER_APPICON_NAME = AppIcon;
				ASSETCATALOG_COMPILER_GLOBAL_ACCENT_COLOR_NAME = AccentColor;
				CODE_SIGN_STYLE = Automatic;
				CURRENT_PROJECT_VERSION = 1;
				DEVELOPMENT_ASSET_PATHS = "\"Eagle/Preview Content\"";
				ENABLE_PREVIEWS = YES;
				GENERATE_INFOPLIST_FILE = YES;
				INFOPLIST_KEY_UIApplicationSceneManifest_Generation = YES;
				INFOPLIST_KEY_UIApplicationSupportsIndirectInputEvents = YES;
				INFOPLIST_KEY_UILaunchScreen_Generation = YES;
				INFOPLIST_KEY_UISupportedInterfaceOrientations_iPad = "UIInterfaceOrientationPortrait UIInterfaceOrientationPortraitUpsideDown UIInterfaceOrientationLandscapeLeft UIInterfaceOrientationLandscapeRight";
				INFOPLIST_KEY_UISupportedInterfaceOrientations_iPhone = "UIInterfaceOrientationPortrait UIInterfaceOrientationLandscapeLeft UIInterfaceOrientationLandscapeRight";
				LD_RUNPATH_SEARCH_PATHS = (
					"$(inherited)",
					"@executable_path/Frameworks",
				);
				MARKETING_VERSION = 1.0;
				PRODUCT_BUNDLE_IDENTIFIER = dalveersingh.Eagle;
				PRODUCT_NAME = "$(TARGET_NAME)";
				SWIFT_EMIT_LOC_STRINGS = YES;
				SWIFT_VERSION = 5.0;
				TARGETED_DEVICE_FAMILY = "1,2";
			};
			name = Debug;
		};
		0B5BF86928579F8300203CC3 /* Release */ = {
			isa = XCBuildConfiguration;
			buildSettings = {
				ASSETCATALOG_COMPILER_APPICON_NAME = AppIcon;
				ASSETCATALOG_COMPILER_GLOBAL_ACCENT_COLOR_NAME = AccentColor;
				CODE_SIGN_STYLE = Automatic;
				CURRENT_PROJECT_VERSION = 1;
				DEVELOPMENT_ASSET_PATHS = "\"Eagle/Preview Content\"";
				ENABLE_PREVIEWS = YES;
				GENERATE_INFOPLIST_FILE = YES;
				INFOPLIST_KEY_UIApplicationSceneManifest_Generation = YES;
				INFOPLIST_KEY_UIApplicationSupportsIndirectInputEvents = YES;
				INFOPLIST_KEY_UILaunchScreen_Generation = YES;
				INFOPLIST_KEY_UISupportedInterfaceOrientations_iPad = "UIInterfaceOrientationPortrait UIInterfaceOrientationPortraitUpsideDown UIInterfaceOrientationLandscapeLeft UIInterfaceOrientationLandscapeRight";
				INFOPLIST_KEY_UISupportedInterfaceOrientations_iPhone = "UIInterfaceOrientationPortrait UIInterfaceOrientationLandscapeLeft UIInterfaceOrientationLandscapeRight";
				LD_RUNPATH_SEARCH_PATHS = (
					"$(inherited)",
					"@executable_path/Frameworks",
				);
				MARKETING_VERSION = 1.0;
				PRODUCT_BUNDLE_IDENTIFIER = dalveersingh.Eagle;
				PRODUCT_NAME = "$(TARGET_NAME)";
				SWIFT_EMIT_LOC_STRINGS = YES;
				SWIFT_VERSION = 5.0;
				TARGETED_DEVICE_FAMILY = "1,2";
			};
			name = Release;
		};
/* End XCBuildConfiguration section */

/* Begin XCConfigurationList section */
		0B5BF85428579F7E00203CC3 /* Build configuration list for PBXProject "Eagle" */ = {
			isa = XCConfigurationList;
			buildConfigurations = (
				0B5BF86528579F8300203CC3 /* Debug */,
				0B5BF86628579F8300203CC3 /* Release */,
			);
			defaultConfigurationIsVisible = 0;
			defaultConfigurationName = Release;
		};
		0B5BF86728579F8300203CC3 /* Build configuration list for PBXNativeTarget "Eagle" */ = {
			isa = XCConfigurationList;
			buildConfigurations = (
				0B5BF86828579F8300203CC3 /* Debug */,
				0B5BF86928579F8300203CC3 /* Release */,
			);
			defaultConfigurationIsVisible = 0;
			defaultConfigurationName = Release;
		};
/* End XCConfigurationList section */

/* Begin XCRemoteSwiftPackageReference section */
		0B621B7C285F868200DC7141 /* XCRemoteSwiftPackageReference "firebase-ios-sdk" */ = {
			isa = XCRemoteSwiftPackageReference;
			repositoryURL = "https://github.com/firebase/firebase-ios-sdk";
			requirement = {
				kind = upToNextMajorVersion;
				minimumVersion = 9.0.0;
			};
		};
		0BE15F5E2860EE36002084C0 /* XCRemoteSwiftPackageReference "Kingfisher" */ = {
			isa = XCRemoteSwiftPackageReference;
			repositoryURL = "https://github.com/onevcat/Kingfisher.git";
			requirement = {
				kind = upToNextMajorVersion;
				minimumVersion = 7.0.0;
			};
		};
/* End XCRemoteSwiftPackageReference section */

/* Begin XCSwiftPackageProductDependency section */
		0B621B7D285F868200DC7141 /* FirebaseAuth */ = {
			isa = XCSwiftPackageProductDependency;
			package = 0B621B7C285F868200DC7141 /* XCRemoteSwiftPackageReference "firebase-ios-sdk" */;
			productName = FirebaseAuth;
		};
		0B621B7F285F868200DC7141 /* FirebaseFirestore */ = {
			isa = XCSwiftPackageProductDependency;
			package = 0B621B7C285F868200DC7141 /* XCRemoteSwiftPackageReference "firebase-ios-sdk" */;
			productName = FirebaseFirestore;
		};
		0B621B81285F868200DC7141 /* FirebaseFirestoreSwift */ = {
			isa = XCSwiftPackageProductDependency;
			package = 0B621B7C285F868200DC7141 /* XCRemoteSwiftPackageReference "firebase-ios-sdk" */;
			productName = FirebaseFirestoreSwift;
		};
		0B621B83285F868200DC7141 /* FirebaseStorage */ = {
			isa = XCSwiftPackageProductDependency;
			package = 0B621B7C285F868200DC7141 /* XCRemoteSwiftPackageReference "firebase-ios-sdk" */;
			productName = FirebaseStorage;
		};
		0BE15F5F2860EE36002084C0 /* Kingfisher */ = {
			isa = XCSwiftPackageProductDependency;
			package = 0BE15F5E2860EE36002084C0 /* XCRemoteSwiftPackageReference "Kingfisher" */;
			productName = Kingfisher;
		};
/* End XCSwiftPackageProductDependency section */
	};
	rootObject = 0B5BF85128579F7E00203CC3 /* Project object */;
}
